
Microsoft Visual Studio Solution File, Format Version 12.00
# Visual Studio Version 17
VisualStudioVersion = 17.5.33530.505
MinimumVisualStudioVersion = 10.0.40219.1
Project("{FAE04EC0-301F-11D3-BF4B-00C04F79EFBC}") = "Middleware", "Middleware.csproj", "{C69C3D38-9347-4D57-936B-FB3F92A051B3}"
EndProject
Global
	GlobalSection(SolutionConfigurationPlatforms) = preSolution
		Debug|Any CPU = Debug|Any CPU
		Release|Any CPU = Release|Any CPU
	EndGlobalSection
	GlobalSection(ProjectConfigurationPlatforms) = postSolution
		{C69C3D38-9347-4D57-936B-FB3F92A051B3}.Debug|Any CPU.ActiveCfg = Debug|Any CPU
		{C69C3D38-9347-4D57-936B-FB3F92A051B3}.Debug|Any CPU.Build.0 = Debug|Any CPU
		{C69C3D38-9347-4D57-936B-FB3F92A051B3}.Release|Any CPU.ActiveCfg = Release|Any CPU
		{C69C3D38-9347-4D57-936B-FB3F92A051B3}.Release|Any CPU.Build.0 = Release|Any CPU
	EndGlobalSection
	GlobalSection(SolutionProperties) = preSolution
		HideSolutionNode = FALSE
	EndGlobalSection
	GlobalSection(ExtensibilityGlobals) = postSolution
		SolutionGuid = {41CEA311-B14E-4CFA-9B95-757604815247}
	EndGlobalSection
EndGlobal
